// !$*UTF8*$!
{
	archiveVersion = 1;
	classes = {
	};
	objectVersion = 48;
	objects = {

/* Begin PBXBuildFile section */
		83ED2C011FDAE309007A4B87 /* AppDelegate.swift in Sources */ = {isa = PBXBuildFile; fileRef = 83ED2C001FDAE309007A4B87 /* AppDelegate.swift */; };
		83ED2C031FDAE309007A4B87 /* ViewController.swift in Sources */ = {isa = PBXBuildFile; fileRef = 83ED2C021FDAE309007A4B87 /* ViewController.swift */; };
		83ED2C061FDAE309007A4B87 /* Main.storyboard in Resources */ = {isa = PBXBuildFile; fileRef = 83ED2C041FDAE309007A4B87 /* Main.storyboard */; };
		83ED2C081FDAE309007A4B87 /* Assets.xcassets in Resources */ = {isa = PBXBuildFile; fileRef = 83ED2C071FDAE309007A4B87 /* Assets.xcassets */; };
		83ED2C0B1FDAE309007A4B87 /* LaunchScreen.storyboard in Resources */ = {isa = PBXBuildFile; fileRef = 83ED2C091FDAE309007A4B87 /* LaunchScreen.storyboard */; };
		83ED2C151FDAE632007A4B87 /* Student.swift in Sources */ = {isa = PBXBuildFile; fileRef = 83ED2C141FDAE632007A4B87 /* Student.swift */; };
		83ED2C171FDAE7A3007A4B87 /* DataManipulator.swift in Sources */ = {isa = PBXBuildFile; fileRef = 83ED2C161FDAE7A3007A4B87 /* DataManipulator.swift */; };
		83ED2C191FDB49A6007A4B87 /* Lecture.swift in Sources */ = {isa = PBXBuildFile; fileRef = 83ED2C181FDB49A6007A4B87 /* Lecture.swift */; };
		83ED2C291FDBD3A5007A4B87 /* GoogleService-Info.plist in Resources */ = {isa = PBXBuildFile; fileRef = 83ED2C281FDBD3A5007A4B87 /* GoogleService-Info.plist */; };
		98D78F965F614B61D3E55901 /* libPods-UniversityLabster.a in Frameworks */ = {isa = PBXBuildFile; fileRef = F96639C15531680FF247AB24 /* libPods-UniversityLabster.a */; };
/* End PBXBuildFile section */

/* Begin PBXFileReference section */
		83ED2BFD1FDAE309007A4B87 /* UniversityLabster.app */ = {isa = PBXFileReference; explicitFileType = wrapper.application; includeInIndex = 0; path = UniversityLabster.app; sourceTree = BUILT_PRODUCTS_DIR; };
		83ED2C001FDAE309007A4B87 /* AppDelegate.swift */ = {isa = PBXFileReference; lastKnownFileType = sourcecode.swift; path = AppDelegate.swift; sourceTree = "<group>"; };
		83ED2C021FDAE309007A4B87 /* ViewController.swift */ = {isa = PBXFileReference; lastKnownFileType = sourcecode.swift; path = ViewController.swift; sourceTree = "<group>"; };
		83ED2C051FDAE309007A4B87 /* Base */ = {isa = PBXFileReference; lastKnownFileType = file.storyboard; name = Base; path = Base.lproj/Main.storyboard; sourceTree = "<group>"; };
		83ED2C071FDAE309007A4B87 /* Assets.xcassets */ = {isa = PBXFileReference; lastKnownFileType = folder.assetcatalog; path = Assets.xcassets; sourceTree = "<group>"; };
		83ED2C0A1FDAE309007A4B87 /* Base */ = {isa = PBXFileReference; lastKnownFileType = file.storyboard; name = Base; path = Base.lproj/LaunchScreen.storyboard; sourceTree = "<group>"; };
		83ED2C0C1FDAE309007A4B87 /* Info.plist */ = {isa = PBXFileReference; lastKnownFileType = text.plist.xml; path = Info.plist; sourceTree = "<group>"; };
		83ED2C141FDAE632007A4B87 /* Student.swift */ = {isa = PBXFileReference; lastKnownFileType = sourcecode.swift; path = Student.swift; sourceTree = "<group>"; };
		83ED2C161FDAE7A3007A4B87 /* DataManipulator.swift */ = {isa = PBXFileReference; lastKnownFileType = sourcecode.swift; path = DataManipulator.swift; sourceTree = "<group>"; };
		83ED2C181FDB49A6007A4B87 /* Lecture.swift */ = {isa = PBXFileReference; lastKnownFileType = sourcecode.swift; path = Lecture.swift; sourceTree = "<group>"; };
		83ED2C281FDBD3A5007A4B87 /* GoogleService-Info.plist */ = {isa = PBXFileReference; fileEncoding = 4; lastKnownFileType = text.plist.xml; path = "GoogleService-Info.plist"; sourceTree = "<group>"; };
		A4735726FEBDDAF0F1F24F69 /* Pods-UniversityLabster.release.xcconfig */ = {isa = PBXFileReference; includeInIndex = 1; lastKnownFileType = text.xcconfig; name = "Pods-UniversityLabster.release.xcconfig"; path = "Pods/Target Support Files/Pods-UniversityLabster/Pods-UniversityLabster.release.xcconfig"; sourceTree = "<group>"; };
		D7D7CC05C48F00BEBEB0B8AF /* Pods-UniversityLabster.debug.xcconfig */ = {isa = PBXFileReference; includeInIndex = 1; lastKnownFileType = text.xcconfig; name = "Pods-UniversityLabster.debug.xcconfig"; path = "Pods/Target Support Files/Pods-UniversityLabster/Pods-UniversityLabster.debug.xcconfig"; sourceTree = "<group>"; };
		F96639C15531680FF247AB24 /* libPods-UniversityLabster.a */ = {isa = PBXFileReference; explicitFileType = archive.ar; includeInIndex = 0; path = "libPods-UniversityLabster.a"; sourceTree = BUILT_PRODUCTS_DIR; };
/* End PBXFileReference section */

/* Begin PBXFrameworksBuildPhase section */
		83ED2BFA1FDAE309007A4B87 /* Frameworks */ = {
			isa = PBXFrameworksBuildPhase;
			buildActionMask = 2147483647;
			files = (
				98D78F965F614B61D3E55901 /* libPods-UniversityLabster.a in Frameworks */,
			);
			runOnlyForDeploymentPostprocessing = 0;
		};
/* End PBXFrameworksBuildPhase section */

/* Begin PBXGroup section */
		1EFC995D152EFC1C9F94423A /* Frameworks */ = {
			isa = PBXGroup;
			children = (
				F96639C15531680FF247AB24 /* libPods-UniversityLabster.a */,
			);
			name = Frameworks;
			sourceTree = "<group>";
		};
		702A6018AB9B5F5D8D32D67B /* Pods */ = {
			isa = PBXGroup;
			children = (
				D7D7CC05C48F00BEBEB0B8AF /* Pods-UniversityLabster.debug.xcconfig */,
				A4735726FEBDDAF0F1F24F69 /* Pods-UniversityLabster.release.xcconfig */,
			);
			name = Pods;
			sourceTree = "<group>";
		};
		83ED2BF41FDAE309007A4B87 = {
			isa = PBXGroup;
			children = (
				83ED2BFF1FDAE309007A4B87 /* UniversityLabster */,
				83ED2BFE1FDAE309007A4B87 /* Products */,
				702A6018AB9B5F5D8D32D67B /* Pods */,
				1EFC995D152EFC1C9F94423A /* Frameworks */,
			);
			sourceTree = "<group>";
		};
		83ED2BFE1FDAE309007A4B87 /* Products */ = {
			isa = PBXGroup;
			children = (
				83ED2BFD1FDAE309007A4B87 /* UniversityLabster.app */,
			);
			name = Products;
			sourceTree = "<group>";
		};
		83ED2BFF1FDAE309007A4B87 /* UniversityLabster */ = {
			isa = PBXGroup;
			children = (
				83ED2C141FDAE632007A4B87 /* Student.swift */,
				83ED2C181FDB49A6007A4B87 /* Lecture.swift */,
				83ED2C161FDAE7A3007A4B87 /* DataManipulator.swift */,
				83ED2C001FDAE309007A4B87 /* AppDelegate.swift */,
				83ED2C021FDAE309007A4B87 /* ViewController.swift */,
				83ED2C041FDAE309007A4B87 /* Main.storyboard */,
				83ED2C071FDAE309007A4B87 /* Assets.xcassets */,
				83ED2C091FDAE309007A4B87 /* LaunchScreen.storyboard */,
				83ED2C0C1FDAE309007A4B87 /* Info.plist */,
				83ED2C281FDBD3A5007A4B87 /* GoogleService-Info.plist */,
			);
			path = UniversityLabster;
			sourceTree = "<group>";
		};
/* End PBXGroup section */

/* Begin PBXNativeTarget section */
		83ED2BFC1FDAE309007A4B87 /* UniversityLabster */ = {
			isa = PBXNativeTarget;
			buildConfigurationList = 83ED2C0F1FDAE309007A4B87 /* Build configuration list for PBXNativeTarget "UniversityLabster" */;
			buildPhases = (
				F042A1704183113F31AEF60B /* [CP] Check Pods Manifest.lock */,
				83ED2BF91FDAE309007A4B87 /* Sources */,
				83ED2BFA1FDAE309007A4B87 /* Frameworks */,
				83ED2BFB1FDAE309007A4B87 /* Resources */,
				CA85EF5CEE5B9DF6B4F52FA8 /* [CP] Embed Pods Frameworks */,
				601BF41FE1A17A6C63B2183E /* [CP] Copy Pods Resources */,
			);
			buildRules = (
			);
			dependencies = (
			);
			name = UniversityLabster;
			productName = UniversityLabster;
			productReference = 83ED2BFD1FDAE309007A4B87 /* UniversityLabster.app */;
			productType = "com.apple.product-type.application";
		};
/* End PBXNativeTarget section */

/* Begin PBXProject section */
		83ED2BF51FDAE309007A4B87 /* Project object */ = {
			isa = PBXProject;
			attributes = {
				LastSwiftUpdateCheck = 0910;
				LastUpgradeCheck = 0910;
				ORGANIZATIONNAME = "Radu Albastroiu";
				TargetAttributes = {
					83ED2BFC1FDAE309007A4B87 = {
						CreatedOnToolsVersion = 9.1;
						ProvisioningStyle = Automatic;
					};
				};
			};
			buildConfigurationList = 83ED2BF81FDAE309007A4B87 /* Build configuration list for PBXProject "UniversityLabster" */;
			compatibilityVersion = "Xcode 8.0";
			developmentRegion = en;
			hasScannedForEncodings = 0;
			knownRegions = (
				en,
				Base,
			);
			mainGroup = 83ED2BF41FDAE309007A4B87;
			productRefGroup = 83ED2BFE1FDAE309007A4B87 /* Products */;
			projectDirPath = "";
			projectRoot = "";
			targets = (
				83ED2BFC1FDAE309007A4B87 /* UniversityLabster */,
			);
		};
/* End PBXProject section */

/* Begin PBXResourcesBuildPhase section */
		83ED2BFB1FDAE309007A4B87 /* Resources */ = {
			isa = PBXResourcesBuildPhase;
			buildActionMask = 2147483647;
			files = (
				83ED2C0B1FDAE309007A4B87 /* LaunchScreen.storyboard in Resources */,
				83ED2C291FDBD3A5007A4B87 /* GoogleService-Info.plist in Resources */,
				83ED2C081FDAE309007A4B87 /* Assets.xcassets in Resources */,
				83ED2C061FDAE309007A4B87 /* Main.storyboard in Resources */,
			);
			runOnlyForDeploymentPostprocessing = 0;
		};
/* End PBXResourcesBuildPhase section */

/* Begin PBXShellScriptBuildPhase section */
		601BF41FE1A17A6C63B2183E /* [CP] Copy Pods Resources */ = {
			isa = PBXShellScriptBuildPhase;
			buildActionMask = 2147483647;
			files = (
			);
			inputPaths = (
			);
			name = "[CP] Copy Pods Resources";
			outputPaths = (
			);
			runOnlyForDeploymentPostprocessing = 0;
			shellPath = /bin/sh;
			shellScript = "\"${SRCROOT}/Pods/Target Support Files/Pods-UniversityLabster/Pods-UniversityLabster-resources.sh\"\n";
			showEnvVarsInLog = 0;
		};
		CA85EF5CEE5B9DF6B4F52FA8 /* [CP] Embed Pods Frameworks */ = {
			isa = PBXShellScriptBuildPhase;
			buildActionMask = 2147483647;
			files = (
			);
			inputPaths = (
			);
			name = "[CP] Embed Pods Frameworks";
			outputPaths = (
			);
			runOnlyForDeploymentPostprocessing = 0;
			shellPath = /bin/sh;
			shellScript = "\"${SRCROOT}/Pods/Target Support Files/Pods-UniversityLabster/Pods-UniversityLabster-frameworks.sh\"\n";
			showEnvVarsInLog = 0;
		};
		F042A1704183113F31AEF60B /* [CP] Check Pods Manifest.lock */ = {
			isa = PBXShellScriptBuildPhase;
			buildActionMask = 2147483647;
			files = (
			);
			inputPaths = (
				"${PODS_PODFILE_DIR_PATH}/Podfile.lock",
				"${PODS_ROOT}/Manifest.lock",
			);
			name = "[CP] Check Pods Manifest.lock";
			outputPaths = (
				"$(DERIVED_FILE_DIR)/Pods-UniversityLabster-checkManifestLockResult.txt",
			);
			runOnlyForDeploymentPostprocessing = 0;
			shellPath = /bin/sh;
			shellScript = "diff \"${PODS_PODFILE_DIR_PATH}/Podfile.lock\" \"${PODS_ROOT}/Manifest.lock\" > /dev/null\nif [ $? != 0 ] ; then\n    # print error to STDERR\n    echo \"error: The sandbox is not in sync with the Podfile.lock. Run 'pod install' or update your CocoaPods installation.\" >&2\n    exit 1\nfi\n# This output is used by Xcode 'outputs' to avoid re-running this script phase.\necho \"SUCCESS\" > \"${SCRIPT_OUTPUT_FILE_0}\"\n";
			showEnvVarsInLog = 0;
		};
/* End PBXShellScriptBuildPhase section */

/* Begin PBXSourcesBuildPhase section */
		83ED2BF91FDAE309007A4B87 /* Sources */ = {
			isa = PBXSourcesBuildPhase;
			buildActionMask = 2147483647;
			files = (
				83ED2C031FDAE309007A4B87 /* ViewController.swift in Sources */,
				83ED2C011FDAE309007A4B87 /* AppDelegate.swift in Sources */,
				83ED2C171FDAE7A3007A4B87 /* DataManipulator.swift in Sources */,
				83ED2C151FDAE632007A4B87 /* Student.swift in Sources */,
				83ED2C191FDB49A6007A4B87 /* Lecture.swift in Sources */,
			);
			runOnlyForDeploymentPostprocessing = 0;
		};
/* End PBXSourcesBuildPhase section */

/* Begin PBXVariantGroup section */
		83ED2C041FDAE309007A4B87 /* Main.storyboard */ = {
			isa = PBXVariantGroup;
			children = (
				83ED2C051FDAE309007A4B87 /* Base */,
			);
			name = Main.storyboard;
			sourceTree = "<group>";
		};
		83ED2C091FDAE309007A4B87 /* LaunchScreen.storyboard */ = {
			isa = PBXVariantGroup;
			children = (
				83ED2C0A1FDAE309007A4B87 /* Base */,
			);
			name = LaunchScreen.storyboard;
			sourceTree = "<group>";
		};
/* End PBXVariantGroup section */

/* Begin XCBuildConfiguration section */
		83ED2C0D1FDAE309007A4B87 /* Debug */ = {
			isa = XCBuildConfiguration;
			buildSettings = {
				ALWAYS_SEARCH_USER_PATHS = NO;
				CLANG_ANALYZER_NONNULL = YES;
				CLANG_ANALYZER_NUMBER_OBJECT_CONVERSION = YES_AGGRESSIVE;
				CLANG_CXX_LANGUAGE_STANDARD = "gnu++14";
				CLANG_CXX_LIBRARY = "libc++";
				CLANG_ENABLE_MODULES = YES;
				CLANG_ENABLE_OBJC_ARC = YES;
				CLANG_WARN_BLOCK_CAPTURE_AUTORELEASING = YES;
				CLANG_WARN_BOOL_CONVERSION = YES;
				CLANG_WARN_COMMA = YES;
				CLANG_WARN_CONSTANT_CONVERSION = YES;
				CLANG_WARN_DIRECT_OBJC_ISA_USAGE = YES_ERROR;
				CLANG_WARN_DOCUMENTATION_COMMENTS = YES;
				CLANG_WARN_EMPTY_BODY = YES;
				CLANG_WARN_ENUM_CONVERSION = YES;
				CLANG_WARN_INFINITE_RECURSION = YES;
				CLANG_WARN_INT_CONVERSION = YES;
				CLANG_WARN_NON_LITERAL_NULL_CONVERSION = YES;
				CLANG_WARN_OBJC_LITERAL_CONVERSION = YES;
				CLANG_WARN_OBJC_ROOT_CLASS = YES_ERROR;
				CLANG_WARN_RANGE_LOOP_ANALYSIS = YES;
				CLANG_WARN_STRICT_PROTOTYPES = YES;
				CLANG_WARN_SUSPICIOUS_MOVE = YES;
				CLANG_WARN_UNGUARDED_AVAILABILITY = YES_AGGRESSIVE;
				CLANG_WARN_UNREACHABLE_CODE = YES;
				CLANG_WARN__DUPLICATE_METHOD_MATCH = YES;
				CODE_SIGN_IDENTITY = "iPhone Developer";
				COPY_PHASE_STRIP = NO;
				DEBUG_INFORMATION_FORMAT = dwarf;
				ENABLE_STRICT_OBJC_MSGSEND = YES;
				ENABLE_TESTABILITY = YES;
				GCC_C_LANGUAGE_STANDARD = gnu11;
				GCC_DYNAMIC_NO_PIC = NO;
				GCC_NO_COMMON_BLOCKS = YES;
				GCC_OPTIMIZATION_LEVEL = 0;
				GCC_PREPROCESSOR_DEFINITIONS = (
					"DEBUG=1",
					"$(inherited)",
				);
				GCC_WARN_64_TO_32_BIT_CONVERSION = YES;
				GCC_WARN_ABOUT_RETURN_TYPE = YES_ERROR;
				GCC_WARN_UNDECLARED_SELECTOR = YES;
				GCC_WARN_UNINITIALIZED_AUTOS = YES_AGGRESSIVE;
				GCC_WARN_UNUSED_FUNCTION = YES;
				GCC_WARN_UNUSED_VARIABLE = YES;
				IPHONEOS_DEPLOYMENT_TARGET = 11.1;
				MTL_ENABLE_DEBUG_INFO = YES;
				ONLY_ACTIVE_ARCH = YES;
				SDKROOT = iphoneos;
				SWIFT_ACTIVE_COMPILATION_CONDITIONS = DEBUG;
				SWIFT_OPTIMIZATION_LEVEL = "-Onone";
			};
			name = Debug;
		};
		83ED2C0E1FDAE309007A4B87 /* Release */ = {
			isa = XCBuildConfiguration;
			buildSettings = {
				ALWAYS_SEARCH_USER_PATHS = NO;
				CLANG_ANALYZER_NONNULL = YES;
				CLANG_ANALYZER_NUMBER_OBJECT_CONVERSION = YES_AGGRESSIVE;
				CLANG_CXX_LANGUAGE_STANDARD = "gnu++14";
				CLANG_CXX_LIBRARY = "libc++";
				CLANG_ENABLE_MODULES = YES;
				CLANG_ENABLE_OBJC_ARC = YES;
				CLANG_WARN_BLOCK_CAPTURE_AUTORELEASING = YES;
				CLANG_WARN_BOOL_CONVERSION = YES;
				CLANG_WARN_COMMA = YES;
				CLANG_WARN_CONSTANT_CONVERSION = YES;
				CLANG_WARN_DIRECT_OBJC_ISA_USAGE = YES_ERROR;
				CLANG_WARN_DOCUMENTATION_COMMENTS = YES;
				CLANG_WARN_EMPTY_BODY = YES;
				CLANG_WARN_ENUM_CONVERSION = YES;
				CLANG_WARN_INFINITE_RECURSION = YES;
				CLANG_WARN_INT_CONVERSION = YES;
				CLANG_WARN_NON_LITERAL_NULL_CONVERSION = YES;
				CLANG_WARN_OBJC_LITERAL_CONVERSION = YES;
				CLANG_WARN_OBJC_ROOT_CLASS = YES_ERROR;
				CLANG_WARN_RANGE_LOOP_ANALYSIS = YES;
				CLANG_WARN_STRICT_PROTOTYPES = YES;
				CLANG_WARN_SUSPICIOUS_MOVE = YES;
				CLANG_WARN_UNGUARDED_AVAILABILITY = YES_AGGRESSIVE;
				CLANG_WARN_UNREACHABLE_CODE = YES;
				CLANG_WARN__DUPLICATE_METHOD_MATCH = YES;
				CODE_SIGN_IDENTITY = "iPhone Developer";
				COPY_PHASE_STRIP = NO;
				DEBUG_INFORMATION_FORMAT = "dwarf-with-dsym";
				ENABLE_NS_ASSERTIONS = NO;
				ENABLE_STRICT_OBJC_MSGSEND = YES;
				GCC_C_LANGUAGE_STANDARD = gnu11;
				GCC_NO_COMMON_BLOCKS = YES;
				GCC_WARN_64_TO_32_BIT_CONVERSION = YES;
				GCC_WARN_ABOUT_RETURN_TYPE = YES_ERROR;
				GCC_WARN_UNDECLARED_SELECTOR = YES;
				GCC_WARN_UNINITIALIZED_AUTOS = YES_AGGRESSIVE;
				GCC_WARN_UNUSED_FUNCTION = YES;
				GCC_WARN_UNUSED_VARIABLE = YES;
				IPHONEOS_DEPLOYMENT_TARGET = 11.1;
				MTL_ENABLE_DEBUG_INFO = NO;
				SDKROOT = iphoneos;
				SWIFT_OPTIMIZATION_LEVEL = "-Owholemodule";
				VALIDATE_PRODUCT = YES;
			};
			name = Release;
		};
		83ED2C101FDAE309007A4B87 /* Debug */ = {
			isa = XCBuildConfiguration;
			baseConfigurationReference = D7D7CC05C48F00BEBEB0B8AF /* Pods-UniversityLabster.debug.xcconfig */;
			buildSettings = {
				ASSETCATALOG_COMPILER_APPICON_NAME = AppIcon;
				CODE_SIGN_STYLE = Automatic;
				DEVELOPMENT_TEAM = C3AWL2X8CT;
				INFOPLIST_FILE = UniversityLabster/Info.plist;
				IPHONEOS_DEPLOYMENT_TARGET = 10.1;
				LD_RUNPATH_SEARCH_PATHS = "$(inherited) @executable_path/Frameworks";
				PRODUCT_BUNDLE_IDENTIFIER = com.RaduAlbastroiu.UniversityLabster;
				PRODUCT_NAME = "$(TARGET_NAME)";
				SWIFT_VERSION = 4.0;
				TARGETED_DEVICE_FAMILY = "1,2";
			};
			name = Debug;
		};
		83ED2C111FDAE309007A4B87 /* Release */ = {
			isa = XCBuildConfiguration;
			baseConfigurationReference = A4735726FEBDDAF0F1F24F69 /* Pods-UniversityLabster.release.xcconfig */;
			buildSettings = {
				ASSETCATALOG_COMPILER_APPICON_NAME = AppIcon;
				CODE_SIGN_STYLE = Automatic;
				DEVELOPMENT_TEAM = C3AWL2X8CT;
				INFOPLIST_FILE = UniversityLabster/Info.plist;
				IPHONEOS_DEPLOYMENT_TARGET = 10.1;
				LD_RUNPATH_SEARCH_PATHS = "$(inherited) @executable_path/Frameworks";
				PRODUCT_BUNDLE_IDENTIFIER = com.RaduAlbastroiu.UniversityLabster;
				PRODUCT_NAME = "$(TARGET_NAME)";
				SWIFT_VERSION = 4.0;
				TARGETED_DEVICE_FAMILY = "1,2";
			};
			name = Release;
		};
/* End XCBuildConfiguration section */

/* Begin XCConfigurationList section */
		83ED2BF81FDAE309007A4B87 /* Build configuration list for PBXProject "UniversityLabster" */ = {
			isa = XCConfigurationList;
			buildConfigurations = (
				83ED2C0D1FDAE309007A4B87 /* Debug */,
				83ED2C0E1FDAE309007A4B87 /* Release */,
			);
			defaultConfigurationIsVisible = 0;
			defaultConfigurationName = Release;
		};
		83ED2C0F1FDAE309007A4B87 /* Build configuration list for PBXNativeTarget "UniversityLabster" */ = {
			isa = XCConfigurationList;
			buildConfigurations = (
				83ED2C101FDAE309007A4B87 /* Debug */,
				83ED2C111FDAE309007A4B87 /* Release */,
			);
			defaultConfigurationIsVisible = 0;
			defaultConfigurationName = Release;
		};
/* End XCConfigurationList section */
	};
	rootObject = 83ED2BF51FDAE309007A4B87 /* Project object */;
}
